
Microsoft Visual Studio Solution File, Format Version 12.00
# Visual Studio 15
VisualStudioVersion = 15.0.28307.852
MinimumVisualStudioVersion = 10.0.40219.1
Project("{FAE04EC0-301F-11D3-BF4B-00C04F79EFBC}") = "ImagesGallerySlider", "ImagesGallerySlider\ImagesGallerySlider.csproj", "{37DB1F11-DCF1-4F52-9170-3721C7C5490D}"
EndProject
Project("{FAE04EC0-301F-11D3-BF4B-00C04F79EFBC}") = "CroppingImageLibrary", "CroppingImageLibrary\CroppingImageLibrary.csproj", "{0CDB87AC-3F86-4DC9-8DB8-B5088A53ADF6}"
EndProject
Global
	GlobalSection(SolutionConfigurationPlatforms) = preSolution
		Debug|Any CPU = Debug|Any CPU
		Release|Any CPU = Release|Any CPU
	EndGlobalSection
	GlobalSection(ProjectConfigurationPlatforms) = postSolution
		{37DB1F11-DCF1-4F52-9170-3721C7C5490D}.Debug|Any CPU.ActiveCfg = Debug|Any CPU
		{37DB1F11-DCF1-4F52-9170-3721C7C5490D}.Debug|Any CPU.Build.0 = Debug|Any CPU
		{37DB1F11-DCF1-4F52-9170-3721C7C5490D}.Release|Any CPU.ActiveCfg = Release|Any CPU
		{37DB1F11-DCF1-4F52-9170-3721C7C5490D}.Release|Any CPU.Build.0 = Release|Any CPU
		{0CDB87AC-3F86-4DC9-8DB8-B5088A53ADF6}.Debug|Any CPU.ActiveCfg = Debug|Any CPU
		{0CDB87AC-3F86-4DC9-8DB8-B5088A53ADF6}.Debug|Any CPU.Build.0 = Debug|Any CPU
		{0CDB87AC-3F86-4DC9-8DB8-B5088A53ADF6}.Release|Any CPU.ActiveCfg = Release|Any CPU
		{0CDB87AC-3F86-4DC9-8DB8-B5088A53ADF6}.Release|Any CPU.Build.0 = Release|Any CPU
	EndGlobalSection
	GlobalSection(SolutionProperties) = preSolution
		HideSolutionNode = FALSE
	EndGlobalSection
	GlobalSection(ExtensibilityGlobals) = postSolution
		SolutionGuid = {1345017D-4755-4C5B-82E8-860501FF1EC4}
	EndGlobalSection
EndGlobal
